
Microsoft Visual Studio Solution File, Format Version 12.00
# Visual Studio 15
VisualStudioVersion = 15.0.28010.2026
MinimumVisualStudioVersion = 10.0.40219.1
Project("{9A19103F-16F7-4668-BE54-9A1E7A4F7556}") = "NotesFinder", "NotesFinder\NotesFinder.csproj", "{7038936B-5314-43B0-A0F8-12284C46A8AA}"
EndProject
Project("{FAE04EC0-301F-11D3-BF4B-00C04F79EFBC}") = "NotesFinderTests", "NotesFinderTests\NotesFinderTests.csproj", "{161EFD25-AD17-4452-A541-4D3461F5E230}"
EndProject
Global
	GlobalSection(SolutionConfigurationPlatforms) = preSolution
		Debug|Any CPU = Debug|Any CPU
		Release|Any CPU = Release|Any CPU
	EndGlobalSection
	GlobalSection(ProjectConfigurationPlatforms) = postSolution
		{7038936B-5314-43B0-A0F8-12284C46A8AA}.Debug|Any CPU.ActiveCfg = Debug|Any CPU
		{7038936B-5314-43B0-A0F8-12284C46A8AA}.Debug|Any CPU.Build.0 = Debug|Any CPU
		{7038936B-5314-43B0-A0F8-12284C46A8AA}.Release|Any CPU.ActiveCfg = Release|Any CPU
		{7038936B-5314-43B0-A0F8-12284C46A8AA}.Release|Any CPU.Build.0 = Release|Any CPU
		{161EFD25-AD17-4452-A541-4D3461F5E230}.Debug|Any CPU.ActiveCfg = Debug|Any CPU
		{161EFD25-AD17-4452-A541-4D3461F5E230}.Debug|Any CPU.Build.0 = Debug|Any CPU
		{161EFD25-AD17-4452-A541-4D3461F5E230}.Release|Any CPU.ActiveCfg = Release|Any CPU
		{161EFD25-AD17-4452-A541-4D3461F5E230}.Release|Any CPU.Build.0 = Release|Any CPU
	EndGlobalSection
	GlobalSection(SolutionProperties) = preSolution
		HideSolutionNode = FALSE
	EndGlobalSection
	GlobalSection(ExtensibilityGlobals) = postSolution
		SolutionGuid = {C723F35B-07A0-4237-9ECC-FFBB424C1119}
	EndGlobalSection
EndGlobal
